
Microsoft Visual Studio Solution File, Format Version 12.00
# Visual Studio 15
VisualStudioVersion = 15.0.27703.2042
MinimumVisualStudioVersion = 10.0.40219.1
Project("{FAE04EC0-301F-11D3-BF4B-00C04F79EFBC}") = "Delegate", "Delegate\Delegate.csproj", "{D47E2AA5-D4EC-4041-AE13-FB790B465EB3}"
EndProject
Global
	GlobalSection(SolutionConfigurationPlatforms) = preSolution
		Debug|Any CPU = Debug|Any CPU
		Release|Any CPU = Release|Any CPU
	EndGlobalSection
	GlobalSection(ProjectConfigurationPlatforms) = postSolution
		{D47E2AA5-D4EC-4041-AE13-FB790B465EB3}.Debug|Any CPU.ActiveCfg = Debug|Any CPU
		{D47E2AA5-D4EC-4041-AE13-FB790B465EB3}.Debug|Any CPU.Build.0 = Debug|Any CPU
		{D47E2AA5-D4EC-4041-AE13-FB790B465EB3}.Release|Any CPU.ActiveCfg = Release|Any CPU
		{D47E2AA5-D4EC-4041-AE13-FB790B465EB3}.Release|Any CPU.Build.0 = Release|Any CPU
	EndGlobalSection
	GlobalSection(SolutionProperties) = preSolution
		HideSolutionNode = FALSE
	EndGlobalSection
	GlobalSection(ExtensibilityGlobals) = postSolution
		SolutionGuid = {2B8C8A22-BEE9-44D6-B6CD-7155AE34FA99}
	EndGlobalSection
EndGlobal
